
Microsoft Visual Studio Solution File, Format Version 12.00
# Visual Studio Version 17
VisualStudioVersion = 17.11.35327.3
MinimumVisualStudioVersion = 10.0.40219.1
Project("{FAE04EC0-301F-11D3-BF4B-00C04F79EFBC}") = "Ogrenci_Not_Yonetim_Sistemi", "Ogrenci_Not_Yonetim_Sistemi\Ogrenci_Not_Yonetim_Sistemi.csproj", "{E06326D7-C812-418B-866C-4AAE16DB9D7F}"
EndProject
Global
	GlobalSection(SolutionConfigurationPlatforms) = preSolution
		Debug|Any CPU = Debug|Any CPU
		Release|Any CPU = Release|Any CPU
	EndGlobalSection
	GlobalSection(ProjectConfigurationPlatforms) = postSolution
		{E06326D7-C812-418B-866C-4AAE16DB9D7F}.Debug|Any CPU.ActiveCfg = Debug|Any CPU
		{E06326D7-C812-418B-866C-4AAE16DB9D7F}.Debug|Any CPU.Build.0 = Debug|Any CPU
		{E06326D7-C812-418B-866C-4AAE16DB9D7F}.Release|Any CPU.ActiveCfg = Release|Any CPU
		{E06326D7-C812-418B-866C-4AAE16DB9D7F}.Release|Any CPU.Build.0 = Release|Any CPU
	EndGlobalSection
	GlobalSection(SolutionProperties) = preSolution
		HideSolutionNode = FALSE
	EndGlobalSection
	GlobalSection(ExtensibilityGlobals) = postSolution
		SolutionGuid = {2C60E352-6E2E-4EEB-99FE-4907C73C093A}
	EndGlobalSection
EndGlobal
